// !$*UTF8*$!
{
	archiveVersion = 1;
	classes = {
	};
	objectVersion = 50;
	objects = {

/* Begin PBXBuildFile section */
		5FD1EC7B61BE011A16B5A0DF /* Pods_phoneApp.framework in Frameworks */ = {isa = PBXBuildFile; fileRef = C65535DF5B5DBEEF6D1ADC3E /* Pods_phoneApp.framework */; };
		F6414E6A21A86ADE00DD3613 /* Model.swift in Sources */ = {isa = PBXBuildFile; fileRef = F6414E6921A86ADE00DD3613 /* Model.swift */; };
		F6414E6C21A86B2A00DD3613 /* FavoriteCell.swift in Sources */ = {isa = PBXBuildFile; fileRef = F6414E6B21A86B2A00DD3613 /* FavoriteCell.swift */; };
		F6414E6E21A86B4200DD3613 /* FavoriteDataSource.swift in Sources */ = {isa = PBXBuildFile; fileRef = F6414E6D21A86B4200DD3613 /* FavoriteDataSource.swift */; };
		F6414E7021A86E6A00DD3613 /* FavoriteViewController.swift in Sources */ = {isa = PBXBuildFile; fileRef = F6414E6F21A86E6A00DD3613 /* FavoriteViewController.swift */; };
		F6414E7221A877F200DD3613 /* AllContactsViewController.swift in Sources */ = {isa = PBXBuildFile; fileRef = F6414E7121A877F200DD3613 /* AllContactsViewController.swift */; };
		F6414E7421A8787100DD3613 /* AllContactCell.swift in Sources */ = {isa = PBXBuildFile; fileRef = F6414E7321A8787100DD3613 /* AllContactCell.swift */; };
		F6414E7621A8796700DD3613 /* AllContactDataSource.swift in Sources */ = {isa = PBXBuildFile; fileRef = F6414E7521A8796700DD3613 /* AllContactDataSource.swift */; };
		F6414E7821A87C2200DD3613 /* AllData.swift in Sources */ = {isa = PBXBuildFile; fileRef = F6414E7721A87C2200DD3613 /* AllData.swift */; };
		F6414E7A21A9C53300DD3613 /* AddContactViewController.swift in Sources */ = {isa = PBXBuildFile; fileRef = F6414E7921A9C53300DD3613 /* AddContactViewController.swift */; };
		F6414E8421A9D2EA00DD3613 /* ContactDetailViewController.swift in Sources */ = {isa = PBXBuildFile; fileRef = F6414E8321A9D2EA00DD3613 /* ContactDetailViewController.swift */; };
		F6414E8621AA0BE300DD3613 /* EditContactViewController.swift in Sources */ = {isa = PBXBuildFile; fileRef = F6414E8521AA0BE300DD3613 /* EditContactViewController.swift */; };
		F656FEC921C00CCF00965C6D /* Contact.plist in Resources */ = {isa = PBXBuildFile; fileRef = F656FEC821C00CCF00965C6D /* Contact.plist */; };
		F656FECB21C0A6A500965C6D /* Call.plist in Resources */ = {isa = PBXBuildFile; fileRef = F656FECA21C0A6A400965C6D /* Call.plist */; };
		F656FECD21C1639500965C6D /* icons8-broken-heart-50.png in Resources */ = {isa = PBXBuildFile; fileRef = F656FECC21C1639500965C6D /* icons8-broken-heart-50.png */; };
		F6AF977521BC644B007A7210 /* AllCallsViewController.swift in Sources */ = {isa = PBXBuildFile; fileRef = F6AF977421BC644B007A7210 /* AllCallsViewController.swift */; };
		F6AF977721BC64D9007A7210 /* AllCallsDataSource.swift in Sources */ = {isa = PBXBuildFile; fileRef = F6AF977621BC64D9007A7210 /* AllCallsDataSource.swift */; };
		F6AF977C21BC6567007A7210 /* AllCallsCell.swift in Sources */ = {isa = PBXBuildFile; fileRef = F6AF977B21BC6567007A7210 /* AllCallsCell.swift */; };
		F6AF977E21BDB5B1007A7210 /* VoicemailViewController.swift in Sources */ = {isa = PBXBuildFile; fileRef = F6AF977D21BDB5B1007A7210 /* VoicemailViewController.swift */; };
		F6AF978021BDB8CB007A7210 /* VoicemailCell.swift in Sources */ = {isa = PBXBuildFile; fileRef = F6AF977F21BDB8CB007A7210 /* VoicemailCell.swift */; };
		F6AF978321BDBC17007A7210 /* AllVoicemailsDataSource.swift in Sources */ = {isa = PBXBuildFile; fileRef = F6AF978221BDBC17007A7210 /* AllVoicemailsDataSource.swift */; };
		F6AF978921BDD515007A7210 /* VoicemailDetailViewController.swift in Sources */ = {isa = PBXBuildFile; fileRef = F6AF978821BDD515007A7210 /* VoicemailDetailViewController.swift */; };
		F6AF978C21BDE1F9007A7210 /* Albertoe.mp3 in Resources */ = {isa = PBXBuildFile; fileRef = F6AF978A21BDE1F9007A7210 /* Albertoe.mp3 */; };
		F6AF978D21BDE1F9007A7210 /* Bob.mp3 in Resources */ = {isa = PBXBuildFile; fileRef = F6AF978B21BDE1F9007A7210 /* Bob.mp3 */; };
		F6C4711221A1B37A00EAF828 /* AppDelegate.swift in Sources */ = {isa = PBXBuildFile; fileRef = F6C4711121A1B37A00EAF828 /* AppDelegate.swift */; };
		F6C4711921A1B37A00EAF828 /* Main.storyboard in Resources */ = {isa = PBXBuildFile; fileRef = F6C4711721A1B37A00EAF828 /* Main.storyboard */; };
		F6C4711B21A1B37E00EAF828 /* Assets.xcassets in Resources */ = {isa = PBXBuildFile; fileRef = F6C4711A21A1B37E00EAF828 /* Assets.xcassets */; };
		F6C4711E21A1B37E00EAF828 /* LaunchScreen.storyboard in Resources */ = {isa = PBXBuildFile; fileRef = F6C4711C21A1B37E00EAF828 /* LaunchScreen.storyboard */; };
/* End PBXBuildFile section */

/* Begin PBXFileReference section */
		486903AC9D6C50E3B2EE2215 /* Pods-phoneApp.debug.xcconfig */ = {isa = PBXFileReference; includeInIndex = 1; lastKnownFileType = text.xcconfig; name = "Pods-phoneApp.debug.xcconfig"; path = "Pods/Target Support Files/Pods-phoneApp/Pods-phoneApp.debug.xcconfig"; sourceTree = "<group>"; };
		61482DA4A4B1ECDE068DA73B /* Pods-phoneApp.release.xcconfig */ = {isa = PBXFileReference; includeInIndex = 1; lastKnownFileType = text.xcconfig; name = "Pods-phoneApp.release.xcconfig"; path = "Pods/Target Support Files/Pods-phoneApp/Pods-phoneApp.release.xcconfig"; sourceTree = "<group>"; };
		C65535DF5B5DBEEF6D1ADC3E /* Pods_phoneApp.framework */ = {isa = PBXFileReference; explicitFileType = wrapper.framework; includeInIndex = 0; path = Pods_phoneApp.framework; sourceTree = BUILT_PRODUCTS_DIR; };
		F6414E6921A86ADE00DD3613 /* Model.swift */ = {isa = PBXFileReference; lastKnownFileType = sourcecode.swift; path = Model.swift; sourceTree = "<group>"; };
		F6414E6B21A86B2A00DD3613 /* FavoriteCell.swift */ = {isa = PBXFileReference; lastKnownFileType = sourcecode.swift; path = FavoriteCell.swift; sourceTree = "<group>"; };
		F6414E6D21A86B4200DD3613 /* FavoriteDataSource.swift */ = {isa = PBXFileReference; lastKnownFileType = sourcecode.swift; path = FavoriteDataSource.swift; sourceTree = "<group>"; };
		F6414E6F21A86E6A00DD3613 /* FavoriteViewController.swift */ = {isa = PBXFileReference; lastKnownFileType = sourcecode.swift; path = FavoriteViewController.swift; sourceTree = "<group>"; };
		F6414E7121A877F200DD3613 /* AllContactsViewController.swift */ = {isa = PBXFileReference; lastKnownFileType = sourcecode.swift; path = AllContactsViewController.swift; sourceTree = "<group>"; };
		F6414E7321A8787100DD3613 /* AllContactCell.swift */ = {isa = PBXFileReference; lastKnownFileType = sourcecode.swift; path = AllContactCell.swift; sourceTree = "<group>"; };
		F6414E7521A8796700DD3613 /* AllContactDataSource.swift */ = {isa = PBXFileReference; lastKnownFileType = sourcecode.swift; path = AllContactDataSource.swift; sourceTree = "<group>"; };
		F6414E7721A87C2200DD3613 /* AllData.swift */ = {isa = PBXFileReference; lastKnownFileType = sourcecode.swift; path = AllData.swift; sourceTree = "<group>"; };
		F6414E7921A9C53300DD3613 /* AddContactViewController.swift */ = {isa = PBXFileReference; lastKnownFileType = sourcecode.swift; path = AddContactViewController.swift; sourceTree = "<group>"; };
		F6414E8321A9D2EA00DD3613 /* ContactDetailViewController.swift */ = {isa = PBXFileReference; lastKnownFileType = sourcecode.swift; path = ContactDetailViewController.swift; sourceTree = "<group>"; };
		F6414E8521AA0BE300DD3613 /* EditContactViewController.swift */ = {isa = PBXFileReference; lastKnownFileType = sourcecode.swift; path = EditContactViewController.swift; sourceTree = "<group>"; };
		F6414E8721AA0E6000DD3613 /* MyPlayground.playground */ = {isa = PBXFileReference; lastKnownFileType = file.playground; path = MyPlayground.playground; sourceTree = "<group>"; xcLanguageSpecificationIdentifier = xcode.lang.swift; };
		F656FEC821C00CCF00965C6D /* Contact.plist */ = {isa = PBXFileReference; lastKnownFileType = text.plist.xml; path = Contact.plist; sourceTree = "<group>"; };
		F656FECA21C0A6A400965C6D /* Call.plist */ = {isa = PBXFileReference; lastKnownFileType = text.plist.xml; path = Call.plist; sourceTree = "<group>"; };
		F656FECC21C1639500965C6D /* icons8-broken-heart-50.png */ = {isa = PBXFileReference; lastKnownFileType = image.png; path = "icons8-broken-heart-50.png"; sourceTree = "<group>"; };
		F6AF977421BC644B007A7210 /* AllCallsViewController.swift */ = {isa = PBXFileReference; lastKnownFileType = sourcecode.swift; path = AllCallsViewController.swift; sourceTree = "<group>"; };
		F6AF977621BC64D9007A7210 /* AllCallsDataSource.swift */ = {isa = PBXFileReference; lastKnownFileType = sourcecode.swift; path = AllCallsDataSource.swift; sourceTree = "<group>"; };
		F6AF977B21BC6567007A7210 /* AllCallsCell.swift */ = {isa = PBXFileReference; lastKnownFileType = sourcecode.swift; path = AllCallsCell.swift; sourceTree = "<group>"; };
		F6AF977D21BDB5B1007A7210 /* VoicemailViewController.swift */ = {isa = PBXFileReference; lastKnownFileType = sourcecode.swift; path = VoicemailViewController.swift; sourceTree = "<group>"; };
		F6AF977F21BDB8CB007A7210 /* VoicemailCell.swift */ = {isa = PBXFileReference; lastKnownFileType = sourcecode.swift; path = VoicemailCell.swift; sourceTree = "<group>"; };
		F6AF978221BDBC17007A7210 /* AllVoicemailsDataSource.swift */ = {isa = PBXFileReference; lastKnownFileType = sourcecode.swift; path = AllVoicemailsDataSource.swift; sourceTree = "<group>"; };
		F6AF978821BDD515007A7210 /* VoicemailDetailViewController.swift */ = {isa = PBXFileReference; lastKnownFileType = sourcecode.swift; path = VoicemailDetailViewController.swift; sourceTree = "<group>"; };
		F6AF978A21BDE1F9007A7210 /* Albertoe.mp3 */ = {isa = PBXFileReference; lastKnownFileType = audio.mp3; path = Albertoe.mp3; sourceTree = "<group>"; };
		F6AF978B21BDE1F9007A7210 /* Bob.mp3 */ = {isa = PBXFileReference; lastKnownFileType = audio.mp3; path = Bob.mp3; sourceTree = "<group>"; };
		F6C4710E21A1B37A00EAF828 /* phoneApp.app */ = {isa = PBXFileReference; explicitFileType = wrapper.application; includeInIndex = 0; path = phoneApp.app; sourceTree = BUILT_PRODUCTS_DIR; };
		F6C4711121A1B37A00EAF828 /* AppDelegate.swift */ = {isa = PBXFileReference; lastKnownFileType = sourcecode.swift; path = AppDelegate.swift; sourceTree = "<group>"; };
		F6C4711821A1B37A00EAF828 /* Base */ = {isa = PBXFileReference; lastKnownFileType = file.storyboard; name = Base; path = Base.lproj/Main.storyboard; sourceTree = "<group>"; };
		F6C4711A21A1B37E00EAF828 /* Assets.xcassets */ = {isa = PBXFileReference; lastKnownFileType = folder.assetcatalog; path = Assets.xcassets; sourceTree = "<group>"; };
		F6C4711D21A1B37E00EAF828 /* Base */ = {isa = PBXFileReference; lastKnownFileType = file.storyboard; name = Base; path = Base.lproj/LaunchScreen.storyboard; sourceTree = "<group>"; };
		F6C4711F21A1B37E00EAF828 /* Info.plist */ = {isa = PBXFileReference; lastKnownFileType = text.plist.xml; path = Info.plist; sourceTree = "<group>"; };
/* End PBXFileReference section */

/* Begin PBXFrameworksBuildPhase section */
		F6C4710B21A1B37A00EAF828 /* Frameworks */ = {
			isa = PBXFrameworksBuildPhase;
			buildActionMask = 2147483647;
			files = (
				5FD1EC7B61BE011A16B5A0DF /* Pods_phoneApp.framework in Frameworks */,
			);
			runOnlyForDeploymentPostprocessing = 0;
		};
/* End PBXFrameworksBuildPhase section */

/* Begin PBXGroup section */
		6402C0A4100AB5C7A925C9C0 /* Frameworks */ = {
			isa = PBXGroup;
			children = (
				C65535DF5B5DBEEF6D1ADC3E /* Pods_phoneApp.framework */,
			);
			name = Frameworks;
			sourceTree = "<group>";
		};
		BABE2E68C7CC993227097C02 /* Pods */ = {
			isa = PBXGroup;
			children = (
				486903AC9D6C50E3B2EE2215 /* Pods-phoneApp.debug.xcconfig */,
				61482DA4A4B1ECDE068DA73B /* Pods-phoneApp.release.xcconfig */,
			);
			name = Pods;
			sourceTree = "<group>";
		};
		F6414E7F21A9D28B00DD3613 /* AllContacts */ = {
			isa = PBXGroup;
			children = (
				F6414E8321A9D2EA00DD3613 /* ContactDetailViewController.swift */,
				F6414E7921A9C53300DD3613 /* AddContactViewController.swift */,
				F6414E8521AA0BE300DD3613 /* EditContactViewController.swift */,
				F6414E7321A8787100DD3613 /* AllContactCell.swift */,
				F6414E7521A8796700DD3613 /* AllContactDataSource.swift */,
				F6414E7121A877F200DD3613 /* AllContactsViewController.swift */,
			);
			path = AllContacts;
			sourceTree = "<group>";
		};
		F6414E8021A9D29C00DD3613 /* Favorites */ = {
			isa = PBXGroup;
			children = (
				F6414E6F21A86E6A00DD3613 /* FavoriteViewController.swift */,
				F6414E6B21A86B2A00DD3613 /* FavoriteCell.swift */,
				F6414E6D21A86B4200DD3613 /* FavoriteDataSource.swift */,
			);
			path = Favorites;
			sourceTree = "<group>";
		};
		F6AF977A21BC6505007A7210 /* AllCall */ = {
			isa = PBXGroup;
			children = (
				F6AF977421BC644B007A7210 /* AllCallsViewController.swift */,
				F6AF977621BC64D9007A7210 /* AllCallsDataSource.swift */,
				F6AF977B21BC6567007A7210 /* AllCallsCell.swift */,
			);
			path = AllCall;
			sourceTree = "<group>";
		};
		F6AF978121BDB8D4007A7210 /* Voicemail */ = {
			isa = PBXGroup;
			children = (
				F6AF978821BDD515007A7210 /* VoicemailDetailViewController.swift */,
				F6AF977F21BDB8CB007A7210 /* VoicemailCell.swift */,
				F6AF977D21BDB5B1007A7210 /* VoicemailViewController.swift */,
				F6AF978221BDBC17007A7210 /* AllVoicemailsDataSource.swift */,
			);
			path = Voicemail;
			sourceTree = "<group>";
		};
		F6AF978E21BDE221007A7210 /* Sounds */ = {
			isa = PBXGroup;
			children = (
				F6AF978A21BDE1F9007A7210 /* Albertoe.mp3 */,
				F6AF978B21BDE1F9007A7210 /* Bob.mp3 */,
			);
			path = Sounds;
			sourceTree = "<group>";
		};
		F6C4710521A1B37A00EAF828 = {
			isa = PBXGroup;
			children = (
				F6414E8721AA0E6000DD3613 /* MyPlayground.playground */,
				F6C4711021A1B37A00EAF828 /* phoneApp */,
				F6C4710F21A1B37A00EAF828 /* Products */,
				BABE2E68C7CC993227097C02 /* Pods */,
				6402C0A4100AB5C7A925C9C0 /* Frameworks */,
			);
			sourceTree = "<group>";
		};
		F6C4710F21A1B37A00EAF828 /* Products */ = {
			isa = PBXGroup;
			children = (
				F6C4710E21A1B37A00EAF828 /* phoneApp.app */,
			);
			name = Products;
			sourceTree = "<group>";
		};
		F6C4711021A1B37A00EAF828 /* phoneApp */ = {
			isa = PBXGroup;
			children = (
				F6AF978E21BDE221007A7210 /* Sounds */,
				F6C4711C21A1B37E00EAF828 /* LaunchScreen.storyboard */,
				F6C4711721A1B37A00EAF828 /* Main.storyboard */,
				F6AF978121BDB8D4007A7210 /* Voicemail */,
				F6AF977A21BC6505007A7210 /* AllCall */,
				F6414E7F21A9D28B00DD3613 /* AllContacts */,
				F6414E8021A9D29C00DD3613 /* Favorites */,
				F6C4711A21A1B37E00EAF828 /* Assets.xcassets */,
				F656FECC21C1639500965C6D /* icons8-broken-heart-50.png */,
				F6C4711F21A1B37E00EAF828 /* Info.plist */,
				F6C4711121A1B37A00EAF828 /* AppDelegate.swift */,
				F6414E6921A86ADE00DD3613 /* Model.swift */,
				F656FEC821C00CCF00965C6D /* Contact.plist */,
				F656FECA21C0A6A400965C6D /* Call.plist */,
				F6414E7721A87C2200DD3613 /* AllData.swift */,
			);
			path = phoneApp;
			sourceTree = "<group>";
		};
/* End PBXGroup section */

/* Begin PBXNativeTarget section */
		F6C4710D21A1B37A00EAF828 /* phoneApp */ = {
			isa = PBXNativeTarget;
			buildConfigurationList = F6C4712221A1B37E00EAF828 /* Build configuration list for PBXNativeTarget "phoneApp" */;
			buildPhases = (
				84DDDB976DEE149060E17642 /* [CP] Check Pods Manifest.lock */,
				F6C4710A21A1B37A00EAF828 /* Sources */,
				F6C4710B21A1B37A00EAF828 /* Frameworks */,
				F6C4710C21A1B37A00EAF828 /* Resources */,
				E1A06391501674DE5A8D35D1 /* [CP] Embed Pods Frameworks */,
			);
			buildRules = (
			);
			dependencies = (
			);
			name = phoneApp;
			productName = phoneApp;
			productReference = F6C4710E21A1B37A00EAF828 /* phoneApp.app */;
			productType = "com.apple.product-type.application";
		};
/* End PBXNativeTarget section */

/* Begin PBXProject section */
		F6C4710621A1B37A00EAF828 /* Project object */ = {
			isa = PBXProject;
			attributes = {
				LastSwiftUpdateCheck = 1010;
				LastUpgradeCheck = 1010;
				ORGANIZATIONNAME = "Ayden Xu";
				TargetAttributes = {
					F6C4710D21A1B37A00EAF828 = {
						CreatedOnToolsVersion = 10.1;
						SystemCapabilities = {
							com.apple.BackgroundModes = {
								enabled = 1;
							};
						};
					};
				};
			};
			buildConfigurationList = F6C4710921A1B37A00EAF828 /* Build configuration list for PBXProject "phoneApp" */;
			compatibilityVersion = "Xcode 9.3";
			developmentRegion = en;
			hasScannedForEncodings = 0;
			knownRegions = (
				en,
				Base,
			);
			mainGroup = F6C4710521A1B37A00EAF828;
			productRefGroup = F6C4710F21A1B37A00EAF828 /* Products */;
			projectDirPath = "";
			projectRoot = "";
			targets = (
				F6C4710D21A1B37A00EAF828 /* phoneApp */,
			);
		};
/* End PBXProject section */

/* Begin PBXResourcesBuildPhase section */
		F6C4710C21A1B37A00EAF828 /* Resources */ = {
			isa = PBXResourcesBuildPhase;
			buildActionMask = 2147483647;
			files = (
				F6AF978C21BDE1F9007A7210 /* Albertoe.mp3 in Resources */,
				F6C4711E21A1B37E00EAF828 /* LaunchScreen.storyboard in Resources */,
				F656FECD21C1639500965C6D /* icons8-broken-heart-50.png in Resources */,
				F6AF978D21BDE1F9007A7210 /* Bob.mp3 in Resources */,
				F656FEC921C00CCF00965C6D /* Contact.plist in Resources */,
				F6C4711B21A1B37E00EAF828 /* Assets.xcassets in Resources */,
				F656FECB21C0A6A500965C6D /* Call.plist in Resources */,
				F6C4711921A1B37A00EAF828 /* Main.storyboard in Resources */,
			);
			runOnlyForDeploymentPostprocessing = 0;
		};
/* End PBXResourcesBuildPhase section */

/* Begin PBXShellScriptBuildPhase section */
		84DDDB976DEE149060E17642 /* [CP] Check Pods Manifest.lock */ = {
			isa = PBXShellScriptBuildPhase;
			buildActionMask = 2147483647;
			files = (
			);
			inputFileListPaths = (
			);
			inputPaths = (
				"${PODS_PODFILE_DIR_PATH}/Podfile.lock",
				"${PODS_ROOT}/Manifest.lock",
			);
			name = "[CP] Check Pods Manifest.lock";
			outputFileListPaths = (
			);
			outputPaths = (
				"$(DERIVED_FILE_DIR)/Pods-phoneApp-checkManifestLockResult.txt",
			);
			runOnlyForDeploymentPostprocessing = 0;
			shellPath = /bin/sh;
			shellScript = "diff \"${PODS_PODFILE_DIR_PATH}/Podfile.lock\" \"${PODS_ROOT}/Manifest.lock\" > /dev/null\nif [ $? != 0 ] ; then\n    # print error to STDERR\n    echo \"error: The sandbox is not in sync with the Podfile.lock. Run 'pod install' or update your CocoaPods installation.\" >&2\n    exit 1\nfi\n# This output is used by Xcode 'outputs' to avoid re-running this script phase.\necho \"SUCCESS\" > \"${SCRIPT_OUTPUT_FILE_0}\"\n";
			showEnvVarsInLog = 0;
		};
		E1A06391501674DE5A8D35D1 /* [CP] Embed Pods Frameworks */ = {
			isa = PBXShellScriptBuildPhase;
			buildActionMask = 2147483647;
			files = (
			);
			inputFileListPaths = (
			);
			inputPaths = (
				"${SRCROOT}/Pods/Target Support Files/Pods-phoneApp/Pods-phoneApp-frameworks.sh",
				"${BUILT_PRODUCTS_DIR}/TextFieldEffects/TextFieldEffects.framework",
			);
			name = "[CP] Embed Pods Frameworks";
			outputFileListPaths = (
			);
			outputPaths = (
				"${TARGET_BUILD_DIR}/${FRAMEWORKS_FOLDER_PATH}/TextFieldEffects.framework",
			);
			runOnlyForDeploymentPostprocessing = 0;
			shellPath = /bin/sh;
			shellScript = "\"${SRCROOT}/Pods/Target Support Files/Pods-phoneApp/Pods-phoneApp-frameworks.sh\"\n";
			showEnvVarsInLog = 0;
		};
/* End PBXShellScriptBuildPhase section */

/* Begin PBXSourcesBuildPhase section */
		F6C4710A21A1B37A00EAF828 /* Sources */ = {
			isa = PBXSourcesBuildPhase;
			buildActionMask = 2147483647;
			files = (
				F6AF977E21BDB5B1007A7210 /* VoicemailViewController.swift in Sources */,
				F6AF977721BC64D9007A7210 /* AllCallsDataSource.swift in Sources */,
				F6AF977C21BC6567007A7210 /* AllCallsCell.swift in Sources */,
				F6414E7821A87C2200DD3613 /* AllData.swift in Sources */,
				F6414E7221A877F200DD3613 /* AllContactsViewController.swift in Sources */,
				F6C4711221A1B37A00EAF828 /* AppDelegate.swift in Sources */,
				F6414E7621A8796700DD3613 /* AllContactDataSource.swift in Sources */,
				F6414E7021A86E6A00DD3613 /* FavoriteViewController.swift in Sources */,
				F6414E6C21A86B2A00DD3613 /* FavoriteCell.swift in Sources */,
				F6414E8421A9D2EA00DD3613 /* ContactDetailViewController.swift in Sources */,
				F6AF978921BDD515007A7210 /* VoicemailDetailViewController.swift in Sources */,
				F6414E7421A8787100DD3613 /* AllContactCell.swift in Sources */,
				F6AF977521BC644B007A7210 /* AllCallsViewController.swift in Sources */,
				F6414E7A21A9C53300DD3613 /* AddContactViewController.swift in Sources */,
				F6414E6E21A86B4200DD3613 /* FavoriteDataSource.swift in Sources */,
				F6AF978321BDBC17007A7210 /* AllVoicemailsDataSource.swift in Sources */,
				F6414E6A21A86ADE00DD3613 /* Model.swift in Sources */,
				F6414E8621AA0BE300DD3613 /* EditContactViewController.swift in Sources */,
				F6AF978021BDB8CB007A7210 /* VoicemailCell.swift in Sources */,
			);
			runOnlyForDeploymentPostprocessing = 0;
		};
/* End PBXSourcesBuildPhase section */

/* Begin PBXVariantGroup section */
		F6C4711721A1B37A00EAF828 /* Main.storyboard */ = {
			isa = PBXVariantGroup;
			children = (
				F6C4711821A1B37A00EAF828 /* Base */,
			);
			name = Main.storyboard;
			sourceTree = "<group>";
		};
		F6C4711C21A1B37E00EAF828 /* LaunchScreen.storyboard */ = {
			isa = PBXVariantGroup;
			children = (
				F6C4711D21A1B37E00EAF828 /* Base */,
			);
			name = LaunchScreen.storyboard;
			sourceTree = "<group>";
		};
/* End PBXVariantGroup section */

/* Begin XCBuildConfiguration section */
		F6C4712021A1B37E00EAF828 /* Debug */ = {
			isa = XCBuildConfiguration;
			buildSettings = {
				ALWAYS_SEARCH_USER_PATHS = NO;
				CLANG_ANALYZER_NONNULL = YES;
				CLANG_ANALYZER_NUMBER_OBJECT_CONVERSION = YES_AGGRESSIVE;
				CLANG_CXX_LANGUAGE_STANDARD = "gnu++14";
				CLANG_CXX_LIBRARY = "libc++";
				CLANG_ENABLE_MODULES = YES;
				CLANG_ENABLE_OBJC_ARC = YES;
				CLANG_ENABLE_OBJC_WEAK = YES;
				CLANG_WARN_BLOCK_CAPTURE_AUTORELEASING = YES;
				CLANG_WARN_BOOL_CONVERSION = YES;
				CLANG_WARN_COMMA = YES;
				CLANG_WARN_CONSTANT_CONVERSION = YES;
				CLANG_WARN_DEPRECATED_OBJC_IMPLEMENTATIONS = YES;
				CLANG_WARN_DIRECT_OBJC_ISA_USAGE = YES_ERROR;
				CLANG_WARN_DOCUMENTATION_COMMENTS = YES;
				CLANG_WARN_EMPTY_BODY = YES;
				CLANG_WARN_ENUM_CONVERSION = YES;
				CLANG_WARN_INFINITE_RECURSION = YES;
				CLANG_WARN_INT_CONVERSION = YES;
				CLANG_WARN_NON_LITERAL_NULL_CONVERSION = YES;
				CLANG_WARN_OBJC_IMPLICIT_RETAIN_SELF = YES;
				CLANG_WARN_OBJC_LITERAL_CONVERSION = YES;
				CLANG_WARN_OBJC_ROOT_CLASS = YES_ERROR;
				CLANG_WARN_RANGE_LOOP_ANALYSIS = YES;
				CLANG_WARN_STRICT_PROTOTYPES = YES;
				CLANG_WARN_SUSPICIOUS_MOVE = YES;
				CLANG_WARN_UNGUARDED_AVAILABILITY = YES_AGGRESSIVE;
				CLANG_WARN_UNREACHABLE_CODE = YES;
				CLANG_WARN__DUPLICATE_METHOD_MATCH = YES;
				CODE_SIGN_IDENTITY = "iPhone Developer";
				COPY_PHASE_STRIP = NO;
				DEBUG_INFORMATION_FORMAT = dwarf;
				ENABLE_STRICT_OBJC_MSGSEND = YES;
				ENABLE_TESTABILITY = YES;
				GCC_C_LANGUAGE_STANDARD = gnu11;
				GCC_DYNAMIC_NO_PIC = NO;
				GCC_NO_COMMON_BLOCKS = YES;
				GCC_OPTIMIZATION_LEVEL = 0;
				GCC_PREPROCESSOR_DEFINITIONS = (
					"DEBUG=1",
					"$(inherited)",
				);
				GCC_WARN_64_TO_32_BIT_CONVERSION = YES;
				GCC_WARN_ABOUT_RETURN_TYPE = YES_ERROR;
				GCC_WARN_UNDECLARED_SELECTOR = YES;
				GCC_WARN_UNINITIALIZED_AUTOS = YES_AGGRESSIVE;
				GCC_WARN_UNUSED_FUNCTION = YES;
				GCC_WARN_UNUSED_VARIABLE = YES;
				IPHONEOS_DEPLOYMENT_TARGET = 12.1;
				MTL_ENABLE_DEBUG_INFO = INCLUDE_SOURCE;
				MTL_FAST_MATH = YES;
				ONLY_ACTIVE_ARCH = YES;
				SDKROOT = iphoneos;
				SWIFT_ACTIVE_COMPILATION_CONDITIONS = DEBUG;
				SWIFT_OPTIMIZATION_LEVEL = "-Onone";
			};
			name = Debug;
		};
		F6C4712121A1B37E00EAF828 /* Release */ = {
			isa = XCBuildConfiguration;
			buildSettings = {
				ALWAYS_SEARCH_USER_PATHS = NO;
				CLANG_ANALYZER_NONNULL = YES;
				CLANG_ANALYZER_NUMBER_OBJECT_CONVERSION = YES_AGGRESSIVE;
				CLANG_CXX_LANGUAGE_STANDARD = "gnu++14";
				CLANG_CXX_LIBRARY = "libc++";
				CLANG_ENABLE_MODULES = YES;
				CLANG_ENABLE_OBJC_ARC = YES;
				CLANG_ENABLE_OBJC_WEAK = YES;
				CLANG_WARN_BLOCK_CAPTURE_AUTORELEASING = YES;
				CLANG_WARN_BOOL_CONVERSION = YES;
				CLANG_WARN_COMMA = YES;
				CLANG_WARN_CONSTANT_CONVERSION = YES;
				CLANG_WARN_DEPRECATED_OBJC_IMPLEMENTATIONS = YES;
				CLANG_WARN_DIRECT_OBJC_ISA_USAGE = YES_ERROR;
				CLANG_WARN_DOCUMENTATION_COMMENTS = YES;
				CLANG_WARN_EMPTY_BODY = YES;
				CLANG_WARN_ENUM_CONVERSION = YES;
				CLANG_WARN_INFINITE_RECURSION = YES;
				CLANG_WARN_INT_CONVERSION = YES;
				CLANG_WARN_NON_LITERAL_NULL_CONVERSION = YES;
				CLANG_WARN_OBJC_IMPLICIT_RETAIN_SELF = YES;
				CLANG_WARN_OBJC_LITERAL_CONVERSION = YES;
				CLANG_WARN_OBJC_ROOT_CLASS = YES_ERROR;
				CLANG_WARN_RANGE_LOOP_ANALYSIS = YES;
				CLANG_WARN_STRICT_PROTOTYPES = YES;
				CLANG_WARN_SUSPICIOUS_MOVE = YES;
				CLANG_WARN_UNGUARDED_AVAILABILITY = YES_AGGRESSIVE;
				CLANG_WARN_UNREACHABLE_CODE = YES;
				CLANG_WARN__DUPLICATE_METHOD_MATCH = YES;
				CODE_SIGN_IDENTITY = "iPhone Developer";
				COPY_PHASE_STRIP = NO;
				DEBUG_INFORMATION_FORMAT = "dwarf-with-dsym";
				ENABLE_NS_ASSERTIONS = NO;
				ENABLE_STRICT_OBJC_MSGSEND = YES;
				GCC_C_LANGUAGE_STANDARD = gnu11;
				GCC_NO_COMMON_BLOCKS = YES;
				GCC_WARN_64_TO_32_BIT_CONVERSION = YES;
				GCC_WARN_ABOUT_RETURN_TYPE = YES_ERROR;
				GCC_WARN_UNDECLARED_SELECTOR = YES;
				GCC_WARN_UNINITIALIZED_AUTOS = YES_AGGRESSIVE;
				GCC_WARN_UNUSED_FUNCTION = YES;
				GCC_WARN_UNUSED_VARIABLE = YES;
				IPHONEOS_DEPLOYMENT_TARGET = 12.1;
				MTL_ENABLE_DEBUG_INFO = NO;
				MTL_FAST_MATH = YES;
				SDKROOT = iphoneos;
				SWIFT_COMPILATION_MODE = wholemodule;
				SWIFT_OPTIMIZATION_LEVEL = "-O";
				VALIDATE_PRODUCT = YES;
			};
			name = Release;
		};
		F6C4712321A1B37E00EAF828 /* Debug */ = {
			isa = XCBuildConfiguration;
			baseConfigurationReference = 486903AC9D6C50E3B2EE2215 /* Pods-phoneApp.debug.xcconfig */;
			buildSettings = {
				ASSETCATALOG_COMPILER_APPICON_NAME = AppIcon;
				CODE_SIGN_STYLE = Automatic;
				DEVELOPMENT_TEAM = YA386LD63J;
				INFOPLIST_FILE = phoneApp/Info.plist;
				IPHONEOS_DEPLOYMENT_TARGET = 11.0;
				LD_RUNPATH_SEARCH_PATHS = (
					"$(inherited)",
					"@executable_path/Frameworks",
				);
				PRODUCT_BUNDLE_IDENTIFIER = "com.we-sense.phoneApp";
				PRODUCT_NAME = "$(TARGET_NAME)";
				SWIFT_VERSION = 4.2;
				TARGETED_DEVICE_FAMILY = "1,2";
			};
			name = Debug;
		};
		F6C4712421A1B37E00EAF828 /* Release */ = {
			isa = XCBuildConfiguration;
			baseConfigurationReference = 61482DA4A4B1ECDE068DA73B /* Pods-phoneApp.release.xcconfig */;
			buildSettings = {
				ASSETCATALOG_COMPILER_APPICON_NAME = AppIcon;
				CODE_SIGN_STYLE = Automatic;
				DEVELOPMENT_TEAM = YA386LD63J;
				INFOPLIST_FILE = phoneApp/Info.plist;
				IPHONEOS_DEPLOYMENT_TARGET = 11.0;
				LD_RUNPATH_SEARCH_PATHS = (
					"$(inherited)",
					"@executable_path/Frameworks",
				);
				PRODUCT_BUNDLE_IDENTIFIER = "com.we-sense.phoneApp";
				PRODUCT_NAME = "$(TARGET_NAME)";
				SWIFT_VERSION = 4.2;
				TARGETED_DEVICE_FAMILY = "1,2";
			};
			name = Release;
		};
/* End XCBuildConfiguration section */

/* Begin XCConfigurationList section */
		F6C4710921A1B37A00EAF828 /* Build configuration list for PBXProject "phoneApp" */ = {
			isa = XCConfigurationList;
			buildConfigurations = (
				F6C4712021A1B37E00EAF828 /* Debug */,
				F6C4712121A1B37E00EAF828 /* Release */,
			);
			defaultConfigurationIsVisible = 0;
			defaultConfigurationName = Release;
		};
		F6C4712221A1B37E00EAF828 /* Build configuration list for PBXNativeTarget "phoneApp" */ = {
			isa = XCConfigurationList;
			buildConfigurations = (
				F6C4712321A1B37E00EAF828 /* Debug */,
				F6C4712421A1B37E00EAF828 /* Release */,
			);
			defaultConfigurationIsVisible = 0;
			defaultConfigurationName = Release;
		};
/* End XCConfigurationList section */
	};
	rootObject = F6C4710621A1B37A00EAF828 /* Project object */;
}
